// !$*UTF8*$!
{
	archiveVersion = 1;
	classes = {
	};
	objectVersion = 46;
	objects = {

/* Begin PBXBuildFile section */
		C22534541891B26700036661 /* Foundation.framework in Frameworks */ = {isa = PBXBuildFile; fileRef = C22534531891B26700036661 /* Foundation.framework */; };
		C22534561891B26700036661 /* CoreGraphics.framework in Frameworks */ = {isa = PBXBuildFile; fileRef = C22534551891B26700036661 /* CoreGraphics.framework */; };
		C22534581891B26700036661 /* UIKit.framework in Frameworks */ = {isa = PBXBuildFile; fileRef = C22534571891B26700036661 /* UIKit.framework */; };
		C225345E1891B26700036661 /* InfoPlist.strings in Resources */ = {isa = PBXBuildFile; fileRef = C225345C1891B26700036661 /* InfoPlist.strings */; };
		C22534601891B26700036661 /* main.m in Sources */ = {isa = PBXBuildFile; fileRef = C225345F1891B26700036661 /* main.m */; };
		C22534641891B26700036661 /* AppDelegate.m in Sources */ = {isa = PBXBuildFile; fileRef = C22534631891B26700036661 /* AppDelegate.m */; };
		C22534671891B26700036661 /* Main.storyboard in Resources */ = {isa = PBXBuildFile; fileRef = C22534651891B26700036661 /* Main.storyboard */; };
		C225346A1891B26700036661 /* ViewController.m in Sources */ = {isa = PBXBuildFile; fileRef = C22534691891B26700036661 /* ViewController.m */; };
		C225346C1891B26700036661 /* Images.xcassets in Resources */ = {isa = PBXBuildFile; fileRef = C225346B1891B26700036661 /* Images.xcassets */; };
		C22534731891B26700036661 /* XCTest.framework in Frameworks */ = {isa = PBXBuildFile; fileRef = C22534721891B26700036661 /* XCTest.framework */; };
		C22534741891B26700036661 /* Foundation.framework in Frameworks */ = {isa = PBXBuildFile; fileRef = C22534531891B26700036661 /* Foundation.framework */; };
		C22534751891B26700036661 /* UIKit.framework in Frameworks */ = {isa = PBXBuildFile; fileRef = C22534571891B26700036661 /* UIKit.framework */; };
		C225347D1891B26700036661 /* InfoPlist.strings in Resources */ = {isa = PBXBuildFile; fileRef = C225347B1891B26700036661 /* InfoPlist.strings */; };
		C225347F1891B26700036661 /* WildKingdomTests.m in Sources */ = {isa = PBXBuildFile; fileRef = C225347E1891B26700036661 /* WildKingdomTests.m */; };
		C22534911891B76700036661 /* bear.png in Resources */ = {isa = PBXBuildFile; fileRef = C225348E1891B76700036661 /* bear.png */; };
		C22534921891B76700036661 /* lion.png in Resources */ = {isa = PBXBuildFile; fileRef = C225348F1891B76700036661 /* lion.png */; };
		C22534931891B76700036661 /* tiger.png in Resources */ = {isa = PBXBuildFile; fileRef = C22534901891B76700036661 /* tiger.png */; };
		C22534951891C42900036661 /* grass.png in Resources */ = {isa = PBXBuildFile; fileRef = C22534941891C42900036661 /* grass.png */; };
		C22534981891D66C00036661 /* CustomTabBarController.m in Sources */ = {isa = PBXBuildFile; fileRef = C22534971891D66C00036661 /* CustomTabBarController.m */; };
/* End PBXBuildFile section */

/* Begin PBXContainerItemProxy section */
		C22534761891B26700036661 /* PBXContainerItemProxy */ = {
			isa = PBXContainerItemProxy;
			containerPortal = C22534481891B26700036661 /* Project object */;
			proxyType = 1;
			remoteGlobalIDString = C225344F1891B26700036661;
			remoteInfo = WildKingdom;
		};
/* End PBXContainerItemProxy section */

/* Begin PBXFileReference section */
		C22534501891B26700036661 /* WildKingdom.app */ = {isa = PBXFileReference; explicitFileType = wrapper.application; includeInIndex = 0; path = WildKingdom.app; sourceTree = BUILT_PRODUCTS_DIR; };
		C22534531891B26700036661 /* Foundation.framework */ = {isa = PBXFileReference; lastKnownFileType = wrapper.framework; name = Foundation.framework; path = System/Library/Frameworks/Foundation.framework; sourceTree = SDKROOT; };
		C22534551891B26700036661 /* CoreGraphics.framework */ = {isa = PBXFileReference; lastKnownFileType = wrapper.framework; name = CoreGraphics.framework; path = System/Library/Frameworks/CoreGraphics.framework; sourceTree = SDKROOT; };
		C22534571891B26700036661 /* UIKit.framework */ = {isa = PBXFileReference; lastKnownFileType = wrapper.framework; name = UIKit.framework; path = System/Library/Frameworks/UIKit.framework; sourceTree = SDKROOT; };
		C225345B1891B26700036661 /* WildKingdom-Info.plist */ = {isa = PBXFileReference; lastKnownFileType = text.plist.xml; path = "WildKingdom-Info.plist"; sourceTree = "<group>"; };
		C225345D1891B26700036661 /* en */ = {isa = PBXFileReference; lastKnownFileType = text.plist.strings; name = en; path = en.lproj/InfoPlist.strings; sourceTree = "<group>"; };
		C225345F1891B26700036661 /* main.m */ = {isa = PBXFileReference; lastKnownFileType = sourcecode.c.objc; path = main.m; sourceTree = "<group>"; };
		C22534611891B26700036661 /* WildKingdom-Prefix.pch */ = {isa = PBXFileReference; lastKnownFileType = sourcecode.c.h; path = "WildKingdom-Prefix.pch"; sourceTree = "<group>"; };
		C22534621891B26700036661 /* AppDelegate.h */ = {isa = PBXFileReference; lastKnownFileType = sourcecode.c.h; path = AppDelegate.h; sourceTree = "<group>"; };
		C22534631891B26700036661 /* AppDelegate.m */ = {isa = PBXFileReference; lastKnownFileType = sourcecode.c.objc; path = AppDelegate.m; sourceTree = "<group>"; };
		C22534661891B26700036661 /* Base */ = {isa = PBXFileReference; lastKnownFileType = file.storyboard; name = Base; path = Base.lproj/Main.storyboard; sourceTree = "<group>"; };
		C22534681891B26700036661 /* ViewController.h */ = {isa = PBXFileReference; lastKnownFileType = sourcecode.c.h; path = ViewController.h; sourceTree = "<group>"; };
		C22534691891B26700036661 /* ViewController.m */ = {isa = PBXFileReference; lastKnownFileType = sourcecode.c.objc; path = ViewController.m; sourceTree = "<group>"; };
		C225346B1891B26700036661 /* Images.xcassets */ = {isa = PBXFileReference; lastKnownFileType = folder.assetcatalog; path = Images.xcassets; sourceTree = "<group>"; };
		C22534711891B26700036661 /* WildKingdomTests.xctest */ = {isa = PBXFileReference; explicitFileType = wrapper.cfbundle; includeInIndex = 0; path = WildKingdomTests.xctest; sourceTree = BUILT_PRODUCTS_DIR; };
		C22534721891B26700036661 /* XCTest.framework */ = {isa = PBXFileReference; lastKnownFileType = wrapper.framework; name = XCTest.framework; path = Library/Frameworks/XCTest.framework; sourceTree = DEVELOPER_DIR; };
		C225347A1891B26700036661 /* WildKingdomTests-Info.plist */ = {isa = PBXFileReference; lastKnownFileType = text.plist.xml; path = "WildKingdomTests-Info.plist"; sourceTree = "<group>"; };
		C225347C1891B26700036661 /* en */ = {isa = PBXFileReference; lastKnownFileType = text.plist.strings; name = en; path = en.lproj/InfoPlist.strings; sourceTree = "<group>"; };
		C225347E1891B26700036661 /* WildKingdomTests.m */ = {isa = PBXFileReference; lastKnownFileType = sourcecode.c.objc; path = WildKingdomTests.m; sourceTree = "<group>"; };
		C225348E1891B76700036661 /* bear.png */ = {isa = PBXFileReference; lastKnownFileType = image.png; path = bear.png; sourceTree = "<group>"; };
		C225348F1891B76700036661 /* lion.png */ = {isa = PBXFileReference; lastKnownFileType = image.png; path = lion.png; sourceTree = "<group>"; };
		C22534901891B76700036661 /* tiger.png */ = {isa = PBXFileReference; lastKnownFileType = image.png; path = tiger.png; sourceTree = "<group>"; };
		C22534941891C42900036661 /* grass.png */ = {isa = PBXFileReference; lastKnownFileType = image.png; path = grass.png; sourceTree = "<group>"; };
		C22534961891D66C00036661 /* CustomTabBarController.h */ = {isa = PBXFileReference; fileEncoding = 4; lastKnownFileType = sourcecode.c.h; path = CustomTabBarController.h; sourceTree = "<group>"; };
		C22534971891D66C00036661 /* CustomTabBarController.m */ = {isa = PBXFileReference; fileEncoding = 4; lastKnownFileType = sourcecode.c.objc; path = CustomTabBarController.m; sourceTree = "<group>"; };
/* End PBXFileReference section */

/* Begin PBXFrameworksBuildPhase section */
		C225344D1891B26700036661 /* Frameworks */ = {
			isa = PBXFrameworksBuildPhase;
			buildActionMask = 2147483647;
			files = (
				C22534561891B26700036661 /* CoreGraphics.framework in Frameworks */,
				C22534581891B26700036661 /* UIKit.framework in Frameworks */,
				C22534541891B26700036661 /* Foundation.framework in Frameworks */,
			);
			runOnlyForDeploymentPostprocessing = 0;
		};
		C225346E1891B26700036661 /* Frameworks */ = {
			isa = PBXFrameworksBuildPhase;
			buildActionMask = 2147483647;
			files = (
				C22534731891B26700036661 /* XCTest.framework in Frameworks */,
				C22534751891B26700036661 /* UIKit.framework in Frameworks */,
				C22534741891B26700036661 /* Foundation.framework in Frameworks */,
			);
			runOnlyForDeploymentPostprocessing = 0;
		};
/* End PBXFrameworksBuildPhase section */

/* Begin PBXGroup section */
		C22534471891B26700036661 = {
			isa = PBXGroup;
			children = (
				C22534591891B26700036661 /* WildKingdom */,
				C22534781891B26700036661 /* WildKingdomTests */,
				C22534521891B26700036661 /* Frameworks */,
				C22534511891B26700036661 /* Products */,
			);
			sourceTree = "<group>";
		};
		C22534511891B26700036661 /* Products */ = {
			isa = PBXGroup;
			children = (
				C22534501891B26700036661 /* WildKingdom.app */,
				C22534711891B26700036661 /* WildKingdomTests.xctest */,
			);
			name = Products;
			sourceTree = "<group>";
		};
		C22534521891B26700036661 /* Frameworks */ = {
			isa = PBXGroup;
			children = (
				C22534531891B26700036661 /* Foundation.framework */,
				C22534551891B26700036661 /* CoreGraphics.framework */,
				C22534571891B26700036661 /* UIKit.framework */,
				C22534721891B26700036661 /* XCTest.framework */,
			);
			name = Frameworks;
			sourceTree = "<group>";
		};
		C22534591891B26700036661 /* WildKingdom */ = {
			isa = PBXGroup;
			children = (
				C22534621891B26700036661 /* AppDelegate.h */,
				C22534631891B26700036661 /* AppDelegate.m */,
				C22534651891B26700036661 /* Main.storyboard */,
				C22534681891B26700036661 /* ViewController.h */,
				C22534691891B26700036661 /* ViewController.m */,
				C22534961891D66C00036661 /* CustomTabBarController.h */,
				C22534971891D66C00036661 /* CustomTabBarController.m */,
				C225346B1891B26700036661 /* Images.xcassets */,
				C225345A1891B26700036661 /* Supporting Files */,
			);
			path = WildKingdom;
			sourceTree = "<group>";
		};
		C225345A1891B26700036661 /* Supporting Files */ = {
			isa = PBXGroup;
			children = (
				C22534941891C42900036661 /* grass.png */,
				C225348E1891B76700036661 /* bear.png */,
				C225348F1891B76700036661 /* lion.png */,
				C22534901891B76700036661 /* tiger.png */,
				C225345B1891B26700036661 /* WildKingdom-Info.plist */,
				C225345C1891B26700036661 /* InfoPlist.strings */,
				C225345F1891B26700036661 /* main.m */,
				C22534611891B26700036661 /* WildKingdom-Prefix.pch */,
			);
			name = "Supporting Files";
			sourceTree = "<group>";
		};
		C22534781891B26700036661 /* WildKingdomTests */ = {
			isa = PBXGroup;
			children = (
				C225347E1891B26700036661 /* WildKingdomTests.m */,
				C22534791891B26700036661 /* Supporting Files */,
			);
			path = WildKingdomTests;
			sourceTree = "<group>";
		};
		C22534791891B26700036661 /* Supporting Files */ = {
			isa = PBXGroup;
			children = (
				C225347A1891B26700036661 /* WildKingdomTests-Info.plist */,
				C225347B1891B26700036661 /* InfoPlist.strings */,
			);
			name = "Supporting Files";
			sourceTree = "<group>";
		};
/* End PBXGroup section */

/* Begin PBXNativeTarget section */
		C225344F1891B26700036661 /* WildKingdom */ = {
			isa = PBXNativeTarget;
			buildConfigurationList = C22534821891B26700036661 /* Build configuration list for PBXNativeTarget "WildKingdom" */;
			buildPhases = (
				C225344C1891B26700036661 /* Sources */,
				C225344D1891B26700036661 /* Frameworks */,
				C225344E1891B26700036661 /* Resources */,
			);
			buildRules = (
			);
			dependencies = (
			);
			name = WildKingdom;
			productName = WildKingdom;
			productReference = C22534501891B26700036661 /* WildKingdom.app */;
			productType = "com.apple.product-type.application";
		};
		C22534701891B26700036661 /* WildKingdomTests */ = {
			isa = PBXNativeTarget;
			buildConfigurationList = C22534851891B26700036661 /* Build configuration list for PBXNativeTarget "WildKingdomTests" */;
			buildPhases = (
				C225346D1891B26700036661 /* Sources */,
				C225346E1891B26700036661 /* Frameworks */,
				C225346F1891B26700036661 /* Resources */,
			);
			buildRules = (
			);
			dependencies = (
				C22534771891B26700036661 /* PBXTargetDependency */,
			);
			name = WildKingdomTests;
			productName = WildKingdomTests;
			productReference = C22534711891B26700036661 /* WildKingdomTests.xctest */;
			productType = "com.apple.product-type.bundle.unit-test";
		};
/* End PBXNativeTarget section */

/* Begin PBXProject section */
		C22534481891B26700036661 /* Project object */ = {
			isa = PBXProject;
			attributes = {
				LastUpgradeCheck = 0500;
				ORGANIZATIONNAME = "Andrew Webb";
				TargetAttributes = {
					C22534701891B26700036661 = {
						TestTargetID = C225344F1891B26700036661;
					};
				};
			};
			buildConfigurationList = C225344B1891B26700036661 /* Build configuration list for PBXProject "WildKingdom" */;
			compatibilityVersion = "Xcode 3.2";
			developmentRegion = English;
			hasScannedForEncodings = 0;
			knownRegions = (
				en,
				Base,
			);
			mainGroup = C22534471891B26700036661;
			productRefGroup = C22534511891B26700036661 /* Products */;
			projectDirPath = "";
			projectRoot = "";
			targets = (
				C225344F1891B26700036661 /* WildKingdom */,
				C22534701891B26700036661 /* WildKingdomTests */,
			);
		};
/* End PBXProject section */

/* Begin PBXResourcesBuildPhase section */
		C225344E1891B26700036661 /* Resources */ = {
			isa = PBXResourcesBuildPhase;
			buildActionMask = 2147483647;
			files = (
				C22534951891C42900036661 /* grass.png in Resources */,
				C225346C1891B26700036661 /* Images.xcassets in Resources */,
				C22534921891B76700036661 /* lion.png in Resources */,
				C22534911891B76700036661 /* bear.png in Resources */,
				C225345E1891B26700036661 /* InfoPlist.strings in Resources */,
				C22534671891B26700036661 /* Main.storyboard in Resources */,
				C22534931891B76700036661 /* tiger.png in Resources */,
			);
			runOnlyForDeploymentPostprocessing = 0;
		};
		C225346F1891B26700036661 /* Resources */ = {
			isa = PBXResourcesBuildPhase;
			buildActionMask = 2147483647;
			files = (
				C225347D1891B26700036661 /* InfoPlist.strings in Resources */,
			);
			runOnlyForDeploymentPostprocessing = 0;
		};
/* End PBXResourcesBuildPhase section */

/* Begin PBXSourcesBuildPhase section */
		C225344C1891B26700036661 /* Sources */ = {
			isa = PBXSourcesBuildPhase;
			buildActionMask = 2147483647;
			files = (
				C225346A1891B26700036661 /* ViewController.m in Sources */,
				C22534641891B26700036661 /* AppDelegate.m in Sources */,
				C22534981891D66C00036661 /* CustomTabBarController.m in Sources */,
				C22534601891B26700036661 /* main.m in Sources */,
			);
			runOnlyForDeploymentPostprocessing = 0;
		};
		C225346D1891B26700036661 /* Sources */ = {
			isa = PBXSourcesBuildPhase;
			buildActionMask = 2147483647;
			files = (
				C225347F1891B26700036661 /* WildKingdomTests.m in Sources */,
			);
			runOnlyForDeploymentPostprocessing = 0;
		};
/* End PBXSourcesBuildPhase section */

/* Begin PBXTargetDependency section */
		C22534771891B26700036661 /* PBXTargetDependency */ = {
			isa = PBXTargetDependency;
			target = C225344F1891B26700036661 /* WildKingdom */;
			targetProxy = C22534761891B26700036661 /* PBXContainerItemProxy */;
		};
/* End PBXTargetDependency section */

/* Begin PBXVariantGroup section */
		C225345C1891B26700036661 /* InfoPlist.strings */ = {
			isa = PBXVariantGroup;
			children = (
				C225345D1891B26700036661 /* en */,
			);
			name = InfoPlist.strings;
			sourceTree = "<group>";
		};
		C22534651891B26700036661 /* Main.storyboard */ = {
			isa = PBXVariantGroup;
			children = (
				C22534661891B26700036661 /* Base */,
			);
			name = Main.storyboard;
			sourceTree = "<group>";
		};
		C225347B1891B26700036661 /* InfoPlist.strings */ = {
			isa = PBXVariantGroup;
			children = (
				C225347C1891B26700036661 /* en */,
			);
			name = InfoPlist.strings;
			sourceTree = "<group>";
		};
/* End PBXVariantGroup section */

/* Begin XCBuildConfiguration section */
		C22534801891B26700036661 /* Debug */ = {
			isa = XCBuildConfiguration;
			buildSettings = {
				ALWAYS_SEARCH_USER_PATHS = NO;
				ARCHS = "$(ARCHS_STANDARD_INCLUDING_64_BIT)";
				CLANG_CXX_LANGUAGE_STANDARD = "gnu++0x";
				CLANG_CXX_LIBRARY = "libc++";
				CLANG_ENABLE_MODULES = YES;
				CLANG_ENABLE_OBJC_ARC = YES;
				CLANG_WARN_BOOL_CONVERSION = YES;
				CLANG_WARN_CONSTANT_CONVERSION = YES;
				CLANG_WARN_DIRECT_OBJC_ISA_USAGE = YES_ERROR;
				CLANG_WARN_EMPTY_BODY = YES;
				CLANG_WARN_ENUM_CONVERSION = YES;
				CLANG_WARN_INT_CONVERSION = YES;
				CLANG_WARN_OBJC_ROOT_CLASS = YES_ERROR;
				CLANG_WARN__DUPLICATE_METHOD_MATCH = YES;
				"CODE_SIGN_IDENTITY[sdk=iphoneos*]" = "iPhone Developer";
				COPY_PHASE_STRIP = NO;
				GCC_C_LANGUAGE_STANDARD = gnu99;
				GCC_DYNAMIC_NO_PIC = NO;
				GCC_OPTIMIZATION_LEVEL = 0;
				GCC_PREPROCESSOR_DEFINITIONS = (
					"DEBUG=1",
					"$(inherited)",
				);
				GCC_SYMBOLS_PRIVATE_EXTERN = NO;
				GCC_WARN_64_TO_32_BIT_CONVERSION = YES;
				GCC_WARN_ABOUT_RETURN_TYPE = YES_ERROR;
				GCC_WARN_UNDECLARED_SELECTOR = YES;
				GCC_WARN_UNINITIALIZED_AUTOS = YES;
				GCC_WARN_UNUSED_FUNCTION = YES;
				GCC_WARN_UNUSED_VARIABLE = YES;
				IPHONEOS_DEPLOYMENT_TARGET = 7.0;
				ONLY_ACTIVE_ARCH = YES;
				SDKROOT = iphoneos;
			};
			name = Debug;
		};
		C22534811891B26700036661 /* Release */ = {
			isa = XCBuildConfiguration;
			buildSettings = {
				ALWAYS_SEARCH_USER_PATHS = NO;
				ARCHS = "$(ARCHS_STANDARD_INCLUDING_64_BIT)";
				CLANG_CXX_LANGUAGE_STANDARD = "gnu++0x";
				CLANG_CXX_LIBRARY = "libc++";
				CLANG_ENABLE_MODULES = YES;
				CLANG_ENABLE_OBJC_ARC = YES;
				CLANG_WARN_BOOL_CONVERSION = YES;
				CLANG_WARN_CONSTANT_CONVERSION = YES;
				CLANG_WARN_DIRECT_OBJC_ISA_USAGE = YES_ERROR;
				CLANG_WARN_EMPTY_BODY = YES;
				CLANG_WARN_ENUM_CONVERSION = YES;
				CLANG_WARN_INT_CONVERSION = YES;
				CLANG_WARN_OBJC_ROOT_CLASS = YES_ERROR;
				CLANG_WARN__DUPLICATE_METHOD_MATCH = YES;
				"CODE_SIGN_IDENTITY[sdk=iphoneos*]" = "iPhone Developer";
				COPY_PHASE_STRIP = YES;
				ENABLE_NS_ASSERTIONS = NO;
				GCC_C_LANGUAGE_STANDARD = gnu99;
				GCC_WARN_64_TO_32_BIT_CONVERSION = YES;
				GCC_WARN_ABOUT_RETURN_TYPE = YES_ERROR;
				GCC_WARN_UNDECLARED_SELECTOR = YES;
				GCC_WARN_UNINITIALIZED_AUTOS = YES;
				GCC_WARN_UNUSED_FUNCTION = YES;
				GCC_WARN_UNUSED_VARIABLE = YES;
				IPHONEOS_DEPLOYMENT_TARGET = 7.0;
				SDKROOT = iphoneos;
				VALIDATE_PRODUCT = YES;
			};
			name = Release;
		};
		C22534831891B26700036661 /* Debug */ = {
			isa = XCBuildConfiguration;
			buildSettings = {
				ASSETCATALOG_COMPILER_APPICON_NAME = AppIcon;
				ASSETCATALOG_COMPILER_LAUNCHIMAGE_NAME = LaunchImage;
				GCC_PRECOMPILE_PREFIX_HEADER = YES;
				GCC_PREFIX_HEADER = "WildKingdom/WildKingdom-Prefix.pch";
				INFOPLIST_FILE = "WildKingdom/WildKingdom-Info.plist";
				PRODUCT_NAME = "$(TARGET_NAME)";
				WRAPPER_EXTENSION = app;
			};
			name = Debug;
		};
		C22534841891B26700036661 /* Release */ = {
			isa = XCBuildConfiguration;
			buildSettings = {
				ASSETCATALOG_COMPILER_APPICON_NAME = AppIcon;
				ASSETCATALOG_COMPILER_LAUNCHIMAGE_NAME = LaunchImage;
				GCC_PRECOMPILE_PREFIX_HEADER = YES;
				GCC_PREFIX_HEADER = "WildKingdom/WildKingdom-Prefix.pch";
				INFOPLIST_FILE = "WildKingdom/WildKingdom-Info.plist";
				PRODUCT_NAME = "$(TARGET_NAME)";
				WRAPPER_EXTENSION = app;
			};
			name = Release;
		};
		C22534861891B26700036661 /* Debug */ = {
			isa = XCBuildConfiguration;
			buildSettings = {
				ARCHS = "$(ARCHS_STANDARD_INCLUDING_64_BIT)";
				BUNDLE_LOADER = "$(BUILT_PRODUCTS_DIR)/WildKingdom.app/WildKingdom";
				FRAMEWORK_SEARCH_PATHS = (
					"$(SDKROOT)/Developer/Library/Frameworks",
					"$(inherited)",
					"$(DEVELOPER_FRAMEWORKS_DIR)",
				);
				GCC_PRECOMPILE_PREFIX_HEADER = YES;
				GCC_PREFIX_HEADER = "WildKingdom/WildKingdom-Prefix.pch";
				GCC_PREPROCESSOR_DEFINITIONS = (
					"DEBUG=1",
					"$(inherited)",
				);
				INFOPLIST_FILE = "WildKingdomTests/WildKingdomTests-Info.plist";
				PRODUCT_NAME = "$(TARGET_NAME)";
				TEST_HOST = "$(BUNDLE_LOADER)";
				WRAPPER_EXTENSION = xctest;
			};
			name = Debug;
		};
		C22534871891B26700036661 /* Release */ = {
			isa = XCBuildConfiguration;
			buildSettings = {
				ARCHS = "$(ARCHS_STANDARD_INCLUDING_64_BIT)";
				BUNDLE_LOADER = "$(BUILT_PRODUCTS_DIR)/WildKingdom.app/WildKingdom";
				FRAMEWORK_SEARCH_PATHS = (
					"$(SDKROOT)/Developer/Library/Frameworks",
					"$(inherited)",
					"$(DEVELOPER_FRAMEWORKS_DIR)",
				);
				GCC_PRECOMPILE_PREFIX_HEADER = YES;
				GCC_PREFIX_HEADER = "WildKingdom/WildKingdom-Prefix.pch";
				INFOPLIST_FILE = "WildKingdomTests/WildKingdomTests-Info.plist";
				PRODUCT_NAME = "$(TARGET_NAME)";
				TEST_HOST = "$(BUNDLE_LOADER)";
				WRAPPER_EXTENSION = xctest;
			};
			name = Release;
		};
/* End XCBuildConfiguration section */

/* Begin XCConfigurationList section */
		C225344B1891B26700036661 /* Build configuration list for PBXProject "WildKingdom" */ = {
			isa = XCConfigurationList;
			buildConfigurations = (
				C22534801891B26700036661 /* Debug */,
				C22534811891B26700036661 /* Release */,
			);
			defaultConfigurationIsVisible = 0;
			defaultConfigurationName = Release;
		};
		C22534821891B26700036661 /* Build configuration list for PBXNativeTarget "WildKingdom" */ = {
			isa = XCConfigurationList;
			buildConfigurations = (
				C22534831891B26700036661 /* Debug */,
				C22534841891B26700036661 /* Release */,
			);
			defaultConfigurationIsVisible = 0;
		};
		C22534851891B26700036661 /* Build configuration list for PBXNativeTarget "WildKingdomTests" */ = {
			isa = XCConfigurationList;
			buildConfigurations = (
				C22534861891B26700036661 /* Debug */,
				C22534871891B26700036661 /* Release */,
			);
			defaultConfigurationIsVisible = 0;
		};
/* End XCConfigurationList section */
	};
	rootObject = C22534481891B26700036661 /* Project object */;
}
